
Microsoft Visual Studio Solution File, Format Version 12.00
# Visual Studio Version 17
VisualStudioVersion = 17.6.33723.286
MinimumVisualStudioVersion = 10.0.40219.1
Project("{9A19103F-16F7-4668-BE54-9A1E7A4F7556}") = "Entities", "Entities\Entities.csproj", "{72A486CB-209B-464F-99DE-C2D8B127E773}"
EndProject
Project("{9A19103F-16F7-4668-BE54-9A1E7A4F7556}") = "Business", "Business\Business.csproj", "{A839D7AE-EADC-4CCB-84E8-48CA0B25C903}"
EndProject
Project("{9A19103F-16F7-4668-BE54-9A1E7A4F7556}") = "DataAccess", "DataAccess\DataAccess.csproj", "{EAA364BD-6B29-4EAB-B0B6-0BBEAA40BEF5}"
EndProject
Project("{9A19103F-16F7-4668-BE54-9A1E7A4F7556}") = "ConsoleUI", "ConsoleUI\ConsoleUI.csproj", "{C8CEA3E9-F452-4610-9642-71BCC74EE045}"
EndProject
Project("{9A19103F-16F7-4668-BE54-9A1E7A4F7556}") = "Core", "..\FinalProject\Core\Core.csproj", "{E49DC1D3-44A4-4EDF-8224-5C2F75CEF24F}"
EndProject
Global
	GlobalSection(SolutionConfigurationPlatforms) = preSolution
		Debug|Any CPU = Debug|Any CPU
		Release|Any CPU = Release|Any CPU
	EndGlobalSection
	GlobalSection(ProjectConfigurationPlatforms) = postSolution
		{72A486CB-209B-464F-99DE-C2D8B127E773}.Debug|Any CPU.ActiveCfg = Debug|Any CPU
		{72A486CB-209B-464F-99DE-C2D8B127E773}.Debug|Any CPU.Build.0 = Debug|Any CPU
		{72A486CB-209B-464F-99DE-C2D8B127E773}.Release|Any CPU.ActiveCfg = Release|Any CPU
		{72A486CB-209B-464F-99DE-C2D8B127E773}.Release|Any CPU.Build.0 = Release|Any CPU
		{A839D7AE-EADC-4CCB-84E8-48CA0B25C903}.Debug|Any CPU.ActiveCfg = Debug|Any CPU
		{A839D7AE-EADC-4CCB-84E8-48CA0B25C903}.Debug|Any CPU.Build.0 = Debug|Any CPU
		{A839D7AE-EADC-4CCB-84E8-48CA0B25C903}.Release|Any CPU.ActiveCfg = Release|Any CPU
		{A839D7AE-EADC-4CCB-84E8-48CA0B25C903}.Release|Any CPU.Build.0 = Release|Any CPU
		{EAA364BD-6B29-4EAB-B0B6-0BBEAA40BEF5}.Debug|Any CPU.ActiveCfg = Debug|Any CPU
		{EAA364BD-6B29-4EAB-B0B6-0BBEAA40BEF5}.Debug|Any CPU.Build.0 = Debug|Any CPU
		{EAA364BD-6B29-4EAB-B0B6-0BBEAA40BEF5}.Release|Any CPU.ActiveCfg = Release|Any CPU
		{EAA364BD-6B29-4EAB-B0B6-0BBEAA40BEF5}.Release|Any CPU.Build.0 = Release|Any CPU
		{C8CEA3E9-F452-4610-9642-71BCC74EE045}.Debug|Any CPU.ActiveCfg = Debug|Any CPU
		{C8CEA3E9-F452-4610-9642-71BCC74EE045}.Debug|Any CPU.Build.0 = Debug|Any CPU
		{C8CEA3E9-F452-4610-9642-71BCC74EE045}.Release|Any CPU.ActiveCfg = Release|Any CPU
		{C8CEA3E9-F452-4610-9642-71BCC74EE045}.Release|Any CPU.Build.0 = Release|Any CPU
		{E49DC1D3-44A4-4EDF-8224-5C2F75CEF24F}.Debug|Any CPU.ActiveCfg = Debug|Any CPU
		{E49DC1D3-44A4-4EDF-8224-5C2F75CEF24F}.Debug|Any CPU.Build.0 = Debug|Any CPU
		{E49DC1D3-44A4-4EDF-8224-5C2F75CEF24F}.Release|Any CPU.ActiveCfg = Release|Any CPU
		{E49DC1D3-44A4-4EDF-8224-5C2F75CEF24F}.Release|Any CPU.Build.0 = Release|Any CPU
	EndGlobalSection
	GlobalSection(SolutionProperties) = preSolution
		HideSolutionNode = FALSE
	EndGlobalSection
	GlobalSection(ExtensibilityGlobals) = postSolution
		SolutionGuid = {578A849F-6A75-4EA9-B0B3-BB48935CC52A}
	EndGlobalSection
EndGlobal
